
Microsoft Visual Studio Solution File, Format Version 12.00
# Visual Studio Version 17
VisualStudioVersion = 17.7.34009.444
MinimumVisualStudioVersion = 10.0.40219.1
Project("{FAE04EC0-301F-11D3-BF4B-00C04F79EFBC}") = "BlazorApp2.Server", "Server\BlazorApp2.Server.csproj", "{B8DA016D-5AE6-4380-9F5F-1E8585DEED4A}"
EndProject
Project("{FAE04EC0-301F-11D3-BF4B-00C04F79EFBC}") = "BlazorApp2.Client", "Client\BlazorApp2.Client.csproj", "{CE74BE5B-4C0B-46D7-B263-239BDE5432A1}"
EndProject
Project("{FAE04EC0-301F-11D3-BF4B-00C04F79EFBC}") = "BlazorApp2.Shared", "Shared\BlazorApp2.Shared.csproj", "{38017212-8F8A-457E-ACEF-6B80F39D66C9}"
EndProject
Global
	GlobalSection(SolutionConfigurationPlatforms) = preSolution
		Debug|Any CPU = Debug|Any CPU
		Release|Any CPU = Release|Any CPU
	EndGlobalSection
	GlobalSection(ProjectConfigurationPlatforms) = postSolution
		{B8DA016D-5AE6-4380-9F5F-1E8585DEED4A}.Debug|Any CPU.ActiveCfg = Debug|Any CPU
		{B8DA016D-5AE6-4380-9F5F-1E8585DEED4A}.Debug|Any CPU.Build.0 = Debug|Any CPU
		{B8DA016D-5AE6-4380-9F5F-1E8585DEED4A}.Release|Any CPU.ActiveCfg = Release|Any CPU
		{B8DA016D-5AE6-4380-9F5F-1E8585DEED4A}.Release|Any CPU.Build.0 = Release|Any CPU
		{CE74BE5B-4C0B-46D7-B263-239BDE5432A1}.Debug|Any CPU.ActiveCfg = Debug|Any CPU
		{CE74BE5B-4C0B-46D7-B263-239BDE5432A1}.Debug|Any CPU.Build.0 = Debug|Any CPU
		{CE74BE5B-4C0B-46D7-B263-239BDE5432A1}.Release|Any CPU.ActiveCfg = Release|Any CPU
		{CE74BE5B-4C0B-46D7-B263-239BDE5432A1}.Release|Any CPU.Build.0 = Release|Any CPU
		{38017212-8F8A-457E-ACEF-6B80F39D66C9}.Debug|Any CPU.ActiveCfg = Debug|Any CPU
		{38017212-8F8A-457E-ACEF-6B80F39D66C9}.Debug|Any CPU.Build.0 = Debug|Any CPU
		{38017212-8F8A-457E-ACEF-6B80F39D66C9}.Release|Any CPU.ActiveCfg = Release|Any CPU
		{38017212-8F8A-457E-ACEF-6B80F39D66C9}.Release|Any CPU.Build.0 = Release|Any CPU
	EndGlobalSection
	GlobalSection(SolutionProperties) = preSolution
		HideSolutionNode = FALSE
	EndGlobalSection
	GlobalSection(ExtensibilityGlobals) = postSolution
		SolutionGuid = {30F8B586-BC9D-4612-B835-439FD2ADCDD9}
	EndGlobalSection
EndGlobal
